// !$*UTF8*$!
{
	archiveVersion = 1;
	classes = {
	};
	objectVersion = 50;
	objects = {

/* Begin PBXBuildFile section */
		2BFFC272CD6B0891FF571020 /* Pods_iOSCameraSample.framework in Frameworks */ = {isa = PBXBuildFile; fileRef = 3BE9A5AA2363C6F8B7B2BC2C /* Pods_iOSCameraSample.framework */; };
		3D25912140128D0166321FBF /* Pods_iOSCameraSampleUITests.framework in Frameworks */ = {isa = PBXBuildFile; fileRef = 747394633570B4EC10FC72AC /* Pods_iOSCameraSampleUITests.framework */; };
		9936201A20D2A7AC00AAA9AD /* EditTextViewController.swift in Sources */ = {isa = PBXBuildFile; fileRef = 9936201920D2A7AC00AAA9AD /* EditTextViewController.swift */; };
		9936201C20D2A84600AAA9AD /* TextImageView.swift in Sources */ = {isa = PBXBuildFile; fileRef = 9936201B20D2A84600AAA9AD /* TextImageView.swift */; };
		9936201E20D2A98300AAA9AD /* UIView+.swift in Sources */ = {isa = PBXBuildFile; fileRef = 9936201D20D2A98300AAA9AD /* UIView+.swift */; };
		9936202020D2AF7D00AAA9AD /* EditTextView.swift in Sources */ = {isa = PBXBuildFile; fileRef = 9936201F20D2AF7D00AAA9AD /* EditTextView.swift */; };
		9936202420D3E90600AAA9AD /* UIImageView+.swift in Sources */ = {isa = PBXBuildFile; fileRef = 9936202320D3E90600AAA9AD /* UIImageView+.swift */; };
		995D050F20D4DE42003DBE06 /* CIImage+.swift in Sources */ = {isa = PBXBuildFile; fileRef = 995D050E20D4DE42003DBE06 /* CIImage+.swift */; };
		995D051620D54CF3003DBE06 /* UIViewMBProgressHUD.swift in Sources */ = {isa = PBXBuildFile; fileRef = 995D051520D54CF3003DBE06 /* UIViewMBProgressHUD.swift */; };
		995D051C20D55639003DBE06 /* contrast.png in Resources */ = {isa = PBXBuildFile; fileRef = 995D051920D55639003DBE06 /* contrast.png */; };
		995D051D20D55639003DBE06 /* stamp.png in Resources */ = {isa = PBXBuildFile; fileRef = 995D051A20D55639003DBE06 /* stamp.png */; };
		995D051E20D55639003DBE06 /* text.png in Resources */ = {isa = PBXBuildFile; fileRef = 995D051B20D55639003DBE06 /* text.png */; };
		996B5B2D20CFF12B00A8B925 /* ScreenSize.swift in Sources */ = {isa = PBXBuildFile; fileRef = 996B5B2C20CFF12B00A8B925 /* ScreenSize.swift */; };
		996B5B3120D06B5700A8B925 /* IMG_1000.JPG in Resources */ = {isa = PBXBuildFile; fileRef = 996B5B3020D06B5700A8B925 /* IMG_1000.JPG */; };
		996B5B3420D0902C00A8B925 /* Assets.swift in Sources */ = {isa = PBXBuildFile; fileRef = 996B5B3320D0902C00A8B925 /* Assets.swift */; };
		996B5B3A20D1BAF500A8B925 /* UIBarButtonItem+.swift in Sources */ = {isa = PBXBuildFile; fileRef = 996B5B3920D1BAF500A8B925 /* UIBarButtonItem+.swift */; };
		996B5B4B20D217B600A8B925 /* UIImage+.swift in Sources */ = {isa = PBXBuildFile; fileRef = 996B5B4A20D217B600A8B925 /* UIImage+.swift */; };
		996B5B4D20D2183B00A8B925 /* UIAssets.swift in Sources */ = {isa = PBXBuildFile; fileRef = 996B5B4C20D2183B00A8B925 /* UIAssets.swift */; };
		99D9B6EF20CE867200992A98 /* AppDelegate.swift in Sources */ = {isa = PBXBuildFile; fileRef = 99D9B6EE20CE867200992A98 /* AppDelegate.swift */; };
		99D9B6F120CE867200992A98 /* ViewController.swift in Sources */ = {isa = PBXBuildFile; fileRef = 99D9B6F020CE867200992A98 /* ViewController.swift */; };
		99D9B6F420CE867200992A98 /* Main.storyboard in Resources */ = {isa = PBXBuildFile; fileRef = 99D9B6F220CE867200992A98 /* Main.storyboard */; };
		99D9B6F620CE867500992A98 /* Assets.xcassets in Resources */ = {isa = PBXBuildFile; fileRef = 99D9B6F520CE867500992A98 /* Assets.xcassets */; };
		99D9B6F920CE867500992A98 /* LaunchScreen.storyboard in Resources */ = {isa = PBXBuildFile; fileRef = 99D9B6F720CE867500992A98 /* LaunchScreen.storyboard */; };
		99D9B70420CE867500992A98 /* iOSCameraSampleTests.swift in Sources */ = {isa = PBXBuildFile; fileRef = 99D9B70320CE867500992A98 /* iOSCameraSampleTests.swift */; };
		99D9B70F20CE867500992A98 /* iOSCameraSampleUITests.swift in Sources */ = {isa = PBXBuildFile; fileRef = 99D9B70E20CE867500992A98 /* iOSCameraSampleUITests.swift */; };
		99D9B79D20CFE23100992A98 /* PhotoEditWireframe.swift in Sources */ = {isa = PBXBuildFile; fileRef = 99D9B77020CFE23000992A98 /* PhotoEditWireframe.swift */; };
		99D9B79E20CFE23100992A98 /* MenuWireframe.swift in Sources */ = {isa = PBXBuildFile; fileRef = 99D9B77120CFE23000992A98 /* MenuWireframe.swift */; };
		99D9B79F20CFE23100992A98 /* RxSwift+.swift in Sources */ = {isa = PBXBuildFile; fileRef = 99D9B77420CFE23000992A98 /* RxSwift+.swift */; };
		99D9B7A020CFE23100992A98 /* UIImagePickerController+Rx.swift in Sources */ = {isa = PBXBuildFile; fileRef = 99D9B77520CFE23000992A98 /* UIImagePickerController+Rx.swift */; };
		99D9B7A120CFE23100992A98 /* RxImagePickerDelegateProxy.swift in Sources */ = {isa = PBXBuildFile; fileRef = 99D9B77620CFE23000992A98 /* RxImagePickerDelegateProxy.swift */; };
		99D9B7A220CFE23100992A98 /* UIImagePickerController+RxCreate.swift in Sources */ = {isa = PBXBuildFile; fileRef = 99D9B77720CFE23000992A98 /* UIImagePickerController+RxCreate.swift */; };
		99D9B7A320CFE23100992A98 /* MenuBuilder.swift in Sources */ = {isa = PBXBuildFile; fileRef = 99D9B77920CFE23000992A98 /* MenuBuilder.swift */; };
		99D9B7A420CFE23100992A98 /* PhotoEditBuilder.swift in Sources */ = {isa = PBXBuildFile; fileRef = 99D9B77A20CFE23000992A98 /* PhotoEditBuilder.swift */; };
		99D9B7A520CFE23100992A98 /* Error.swift in Sources */ = {isa = PBXBuildFile; fileRef = 99D9B77C20CFE23000992A98 /* Error.swift */; };
		99D9B7A620CFE23100992A98 /* ErrorHandring.swift in Sources */ = {isa = PBXBuildFile; fileRef = 99D9B77D20CFE23000992A98 /* ErrorHandring.swift */; };
		99D9B7A720CFE23100992A98 /* PhotoEditRepository.swift in Sources */ = {isa = PBXBuildFile; fileRef = 99D9B78020CFE23000992A98 /* PhotoEditRepository.swift */; };
		99D9B7A820CFE23100992A98 /* MenuRepository.swift in Sources */ = {isa = PBXBuildFile; fileRef = 99D9B78120CFE23000992A98 /* MenuRepository.swift */; };
		99D9B7A920CFE23100992A98 /* PhotoEditEntity.swift in Sources */ = {isa = PBXBuildFile; fileRef = 99D9B78320CFE23000992A98 /* PhotoEditEntity.swift */; };
		99D9B7AA20CFE23100992A98 /* MenuEntity.swift in Sources */ = {isa = PBXBuildFile; fileRef = 99D9B78420CFE23000992A98 /* MenuEntity.swift */; };
		99D9B7AB20CFE23100992A98 /* MenuDataStore.swift in Sources */ = {isa = PBXBuildFile; fileRef = 99D9B78620CFE23000992A98 /* MenuDataStore.swift */; };
		99D9B7AC20CFE23100992A98 /* PhotoEditDataStore.swift in Sources */ = {isa = PBXBuildFile; fileRef = 99D9B78720CFE23000992A98 /* PhotoEditDataStore.swift */; };
		99D9B7AD20CFE23100992A98 /* PhotoEditTranslator.swift in Sources */ = {isa = PBXBuildFile; fileRef = 99D9B78A20CFE23000992A98 /* PhotoEditTranslator.swift */; };
		99D9B7AE20CFE23100992A98 /* MenuTranslator.swift in Sources */ = {isa = PBXBuildFile; fileRef = 99D9B78B20CFE23000992A98 /* MenuTranslator.swift */; };
		99D9B7AF20CFE23100992A98 /* PhotoEditModel.swift in Sources */ = {isa = PBXBuildFile; fileRef = 99D9B78D20CFE23000992A98 /* PhotoEditModel.swift */; };
		99D9B7B020CFE23100992A98 /* MenuModel.swift in Sources */ = {isa = PBXBuildFile; fileRef = 99D9B78E20CFE23000992A98 /* MenuModel.swift */; };
		99D9B7B120CFE23100992A98 /* PhotoEditUseCase.swift in Sources */ = {isa = PBXBuildFile; fileRef = 99D9B79020CFE23000992A98 /* PhotoEditUseCase.swift */; };
		99D9B7B220CFE23100992A98 /* MenuUseCase.swift in Sources */ = {isa = PBXBuildFile; fileRef = 99D9B79120CFE23000992A98 /* MenuUseCase.swift */; };
		99D9B7B320CFE23100992A98 /* PhotoEditView.swift in Sources */ = {isa = PBXBuildFile; fileRef = 99D9B79520CFE23000992A98 /* PhotoEditView.swift */; };
		99D9B7B420CFE23100992A98 /* MenuView.swift in Sources */ = {isa = PBXBuildFile; fileRef = 99D9B79620CFE23000992A98 /* MenuView.swift */; };
		99D9B7B520CFE23100992A98 /* PhotoEditViewController.swift in Sources */ = {isa = PBXBuildFile; fileRef = 99D9B79820CFE23000992A98 /* PhotoEditViewController.swift */; };
		99D9B7B620CFE23100992A98 /* MenuViewController.swift in Sources */ = {isa = PBXBuildFile; fileRef = 99D9B79920CFE23000992A98 /* MenuViewController.swift */; };
		99D9B7B720CFE23100992A98 /* MenuPresenter.swift in Sources */ = {isa = PBXBuildFile; fileRef = 99D9B79B20CFE23000992A98 /* MenuPresenter.swift */; };
		99D9B7B820CFE23100992A98 /* PhotoEditPresenter.swift in Sources */ = {isa = PBXBuildFile; fileRef = 99D9B79C20CFE23000992A98 /* PhotoEditPresenter.swift */; };
		99DBE7B520D48EA30031EEF0 /* SliderView.swift in Sources */ = {isa = PBXBuildFile; fileRef = 99DBE7B420D48EA30031EEF0 /* SliderView.swift */; };
		99F3E5B620CFE9ED00DB24BC /* UIViewController+.swift in Sources */ = {isa = PBXBuildFile; fileRef = 99F3E5B520CFE9ED00DB24BC /* UIViewController+.swift */; };
		C5721E4FE7DE7F0F8AAAE7D6 /* Pods_iOSCameraSampleTests.framework in Frameworks */ = {isa = PBXBuildFile; fileRef = 319BF9CB889CEC06B3E13396 /* Pods_iOSCameraSampleTests.framework */; };
/* End PBXBuildFile section */

/* Begin PBXContainerItemProxy section */
		99D9B70020CE867500992A98 /* PBXContainerItemProxy */ = {
			isa = PBXContainerItemProxy;
			containerPortal = 99D9B6E320CE867200992A98 /* Project object */;
			proxyType = 1;
			remoteGlobalIDString = 99D9B6EA20CE867200992A98;
			remoteInfo = iOSCameraSample;
		};
		99D9B70B20CE867500992A98 /* PBXContainerItemProxy */ = {
			isa = PBXContainerItemProxy;
			containerPortal = 99D9B6E320CE867200992A98 /* Project object */;
			proxyType = 1;
			remoteGlobalIDString = 99D9B6EA20CE867200992A98;
			remoteInfo = iOSCameraSample;
		};
/* End PBXContainerItemProxy section */

/* Begin PBXFileReference section */
		12D41C2B5CD0E902C8AEAFDE /* Pods-iOSCameraSampleUITests.release.xcconfig */ = {isa = PBXFileReference; includeInIndex = 1; lastKnownFileType = text.xcconfig; name = "Pods-iOSCameraSampleUITests.release.xcconfig"; path = "Pods/Target Support Files/Pods-iOSCameraSampleUITests/Pods-iOSCameraSampleUITests.release.xcconfig"; sourceTree = "<group>"; };
		319BF9CB889CEC06B3E13396 /* Pods_iOSCameraSampleTests.framework */ = {isa = PBXFileReference; explicitFileType = wrapper.framework; includeInIndex = 0; path = Pods_iOSCameraSampleTests.framework; sourceTree = BUILT_PRODUCTS_DIR; };
		3BE9A5AA2363C6F8B7B2BC2C /* Pods_iOSCameraSample.framework */ = {isa = PBXFileReference; explicitFileType = wrapper.framework; includeInIndex = 0; path = Pods_iOSCameraSample.framework; sourceTree = BUILT_PRODUCTS_DIR; };
		46F4CCFFC8BB1629D91415A6 /* Pods-iOSCameraSample.release.xcconfig */ = {isa = PBXFileReference; includeInIndex = 1; lastKnownFileType = text.xcconfig; name = "Pods-iOSCameraSample.release.xcconfig"; path = "Pods/Target Support Files/Pods-iOSCameraSample/Pods-iOSCameraSample.release.xcconfig"; sourceTree = "<group>"; };
		747394633570B4EC10FC72AC /* Pods_iOSCameraSampleUITests.framework */ = {isa = PBXFileReference; explicitFileType = wrapper.framework; includeInIndex = 0; path = Pods_iOSCameraSampleUITests.framework; sourceTree = BUILT_PRODUCTS_DIR; };
		9936201920D2A7AC00AAA9AD /* EditTextViewController.swift */ = {isa = PBXFileReference; lastKnownFileType = sourcecode.swift; path = EditTextViewController.swift; sourceTree = "<group>"; };
		9936201B20D2A84600AAA9AD /* TextImageView.swift */ = {isa = PBXFileReference; lastKnownFileType = sourcecode.swift; path = TextImageView.swift; sourceTree = "<group>"; };
		9936201D20D2A98300AAA9AD /* UIView+.swift */ = {isa = PBXFileReference; lastKnownFileType = sourcecode.swift; path = "UIView+.swift"; sourceTree = "<group>"; };
		9936201F20D2AF7D00AAA9AD /* EditTextView.swift */ = {isa = PBXFileReference; lastKnownFileType = sourcecode.swift; path = EditTextView.swift; sourceTree = "<group>"; };
		9936202320D3E90600AAA9AD /* UIImageView+.swift */ = {isa = PBXFileReference; lastKnownFileType = sourcecode.swift; path = "UIImageView+.swift"; sourceTree = "<group>"; };
		995D050E20D4DE42003DBE06 /* CIImage+.swift */ = {isa = PBXFileReference; lastKnownFileType = sourcecode.swift; path = "CIImage+.swift"; sourceTree = "<group>"; };
		995D051520D54CF3003DBE06 /* UIViewMBProgressHUD.swift */ = {isa = PBXFileReference; lastKnownFileType = sourcecode.swift; path = UIViewMBProgressHUD.swift; sourceTree = "<group>"; };
		995D051920D55639003DBE06 /* contrast.png */ = {isa = PBXFileReference; lastKnownFileType = image.png; path = contrast.png; sourceTree = "<group>"; };
		995D051A20D55639003DBE06 /* stamp.png */ = {isa = PBXFileReference; lastKnownFileType = image.png; path = stamp.png; sourceTree = "<group>"; };
		995D051B20D55639003DBE06 /* text.png */ = {isa = PBXFileReference; lastKnownFileType = image.png; path = text.png; sourceTree = "<group>"; };
		996B5B2C20CFF12B00A8B925 /* ScreenSize.swift */ = {isa = PBXFileReference; lastKnownFileType = sourcecode.swift; path = ScreenSize.swift; sourceTree = "<group>"; };
		996B5B3020D06B5700A8B925 /* IMG_1000.JPG */ = {isa = PBXFileReference; lastKnownFileType = image.jpeg; path = IMG_1000.JPG; sourceTree = "<group>"; };
		996B5B3320D0902C00A8B925 /* Assets.swift */ = {isa = PBXFileReference; lastKnownFileType = sourcecode.swift; path = Assets.swift; sourceTree = "<group>"; };
		996B5B3920D1BAF500A8B925 /* UIBarButtonItem+.swift */ = {isa = PBXFileReference; lastKnownFileType = sourcecode.swift; path = "UIBarButtonItem+.swift"; sourceTree = "<group>"; };
		996B5B4A20D217B600A8B925 /* UIImage+.swift */ = {isa = PBXFileReference; lastKnownFileType = sourcecode.swift; path = "UIImage+.swift"; sourceTree = "<group>"; };
		996B5B4C20D2183B00A8B925 /* UIAssets.swift */ = {isa = PBXFileReference; lastKnownFileType = sourcecode.swift; path = UIAssets.swift; sourceTree = "<group>"; };
		99D9B6EB20CE867200992A98 /* iOSCameraSample.app */ = {isa = PBXFileReference; explicitFileType = wrapper.application; includeInIndex = 0; path = iOSCameraSample.app; sourceTree = BUILT_PRODUCTS_DIR; };
		99D9B6EE20CE867200992A98 /* AppDelegate.swift */ = {isa = PBXFileReference; lastKnownFileType = sourcecode.swift; path = AppDelegate.swift; sourceTree = "<group>"; };
		99D9B6F020CE867200992A98 /* ViewController.swift */ = {isa = PBXFileReference; lastKnownFileType = sourcecode.swift; path = ViewController.swift; sourceTree = "<group>"; };
		99D9B6F320CE867200992A98 /* Base */ = {isa = PBXFileReference; lastKnownFileType = file.storyboard; name = Base; path = Base.lproj/Main.storyboard; sourceTree = "<group>"; };
		99D9B6F520CE867500992A98 /* Assets.xcassets */ = {isa = PBXFileReference; lastKnownFileType = folder.assetcatalog; path = Assets.xcassets; sourceTree = "<group>"; };
		99D9B6F820CE867500992A98 /* Base */ = {isa = PBXFileReference; lastKnownFileType = file.storyboard; name = Base; path = Base.lproj/LaunchScreen.storyboard; sourceTree = "<group>"; };
		99D9B6FA20CE867500992A98 /* Info.plist */ = {isa = PBXFileReference; lastKnownFileType = text.plist.xml; path = Info.plist; sourceTree = "<group>"; };
		99D9B6FF20CE867500992A98 /* iOSCameraSampleTests.xctest */ = {isa = PBXFileReference; explicitFileType = wrapper.cfbundle; includeInIndex = 0; path = iOSCameraSampleTests.xctest; sourceTree = BUILT_PRODUCTS_DIR; };
		99D9B70320CE867500992A98 /* iOSCameraSampleTests.swift */ = {isa = PBXFileReference; lastKnownFileType = sourcecode.swift; path = iOSCameraSampleTests.swift; sourceTree = "<group>"; };
		99D9B70520CE867500992A98 /* Info.plist */ = {isa = PBXFileReference; lastKnownFileType = text.plist.xml; path = Info.plist; sourceTree = "<group>"; };
		99D9B70A20CE867500992A98 /* iOSCameraSampleUITests.xctest */ = {isa = PBXFileReference; explicitFileType = wrapper.cfbundle; includeInIndex = 0; path = iOSCameraSampleUITests.xctest; sourceTree = BUILT_PRODUCTS_DIR; };
		99D9B70E20CE867500992A98 /* iOSCameraSampleUITests.swift */ = {isa = PBXFileReference; lastKnownFileType = sourcecode.swift; path = iOSCameraSampleUITests.swift; sourceTree = "<group>"; };
		99D9B71020CE867500992A98 /* Info.plist */ = {isa = PBXFileReference; lastKnownFileType = text.plist.xml; path = Info.plist; sourceTree = "<group>"; };
		99D9B77020CFE23000992A98 /* PhotoEditWireframe.swift */ = {isa = PBXFileReference; fileEncoding = 4; lastKnownFileType = sourcecode.swift; path = PhotoEditWireframe.swift; sourceTree = "<group>"; };
		99D9B77120CFE23000992A98 /* MenuWireframe.swift */ = {isa = PBXFileReference; fileEncoding = 4; lastKnownFileType = sourcecode.swift; path = MenuWireframe.swift; sourceTree = "<group>"; };
		99D9B77420CFE23000992A98 /* RxSwift+.swift */ = {isa = PBXFileReference; fileEncoding = 4; lastKnownFileType = sourcecode.swift; path = "RxSwift+.swift"; sourceTree = "<group>"; };
		99D9B77520CFE23000992A98 /* UIImagePickerController+Rx.swift */ = {isa = PBXFileReference; fileEncoding = 4; lastKnownFileType = sourcecode.swift; path = "UIImagePickerController+Rx.swift"; sourceTree = "<group>"; };
		99D9B77620CFE23000992A98 /* RxImagePickerDelegateProxy.swift */ = {isa = PBXFileReference; fileEncoding = 4; lastKnownFileType = sourcecode.swift; path = RxImagePickerDelegateProxy.swift; sourceTree = "<group>"; };
		99D9B77720CFE23000992A98 /* UIImagePickerController+RxCreate.swift */ = {isa = PBXFileReference; fileEncoding = 4; lastKnownFileType = sourcecode.swift; path = "UIImagePickerController+RxCreate.swift"; sourceTree = "<group>"; };
		99D9B77920CFE23000992A98 /* MenuBuilder.swift */ = {isa = PBXFileReference; fileEncoding = 4; lastKnownFileType = sourcecode.swift; path = MenuBuilder.swift; sourceTree = "<group>"; };
		99D9B77A20CFE23000992A98 /* PhotoEditBuilder.swift */ = {isa = PBXFileReference; fileEncoding = 4; lastKnownFileType = sourcecode.swift; path = PhotoEditBuilder.swift; sourceTree = "<group>"; };
		99D9B77C20CFE23000992A98 /* Error.swift */ = {isa = PBXFileReference; fileEncoding = 4; lastKnownFileType = sourcecode.swift; path = Error.swift; sourceTree = "<group>"; };
		99D9B77D20CFE23000992A98 /* ErrorHandring.swift */ = {isa = PBXFileReference; fileEncoding = 4; lastKnownFileType = sourcecode.swift; path = ErrorHandring.swift; sourceTree = "<group>"; };
		99D9B78020CFE23000992A98 /* PhotoEditRepository.swift */ = {isa = PBXFileReference; fileEncoding = 4; lastKnownFileType = sourcecode.swift; path = PhotoEditRepository.swift; sourceTree = "<group>"; };
		99D9B78120CFE23000992A98 /* MenuRepository.swift */ = {isa = PBXFileReference; fileEncoding = 4; lastKnownFileType = sourcecode.swift; path = MenuRepository.swift; sourceTree = "<group>"; };
		99D9B78320CFE23000992A98 /* PhotoEditEntity.swift */ = {isa = PBXFileReference; fileEncoding = 4; lastKnownFileType = sourcecode.swift; path = PhotoEditEntity.swift; sourceTree = "<group>"; };
		99D9B78420CFE23000992A98 /* MenuEntity.swift */ = {isa = PBXFileReference; fileEncoding = 4; lastKnownFileType = sourcecode.swift; path = MenuEntity.swift; sourceTree = "<group>"; };
		99D9B78620CFE23000992A98 /* MenuDataStore.swift */ = {isa = PBXFileReference; fileEncoding = 4; lastKnownFileType = sourcecode.swift; path = MenuDataStore.swift; sourceTree = "<group>"; };
		99D9B78720CFE23000992A98 /* PhotoEditDataStore.swift */ = {isa = PBXFileReference; fileEncoding = 4; lastKnownFileType = sourcecode.swift; path = PhotoEditDataStore.swift; sourceTree = "<group>"; };
		99D9B78A20CFE23000992A98 /* PhotoEditTranslator.swift */ = {isa = PBXFileReference; fileEncoding = 4; lastKnownFileType = sourcecode.swift; path = PhotoEditTranslator.swift; sourceTree = "<group>"; };
		99D9B78B20CFE23000992A98 /* MenuTranslator.swift */ = {isa = PBXFileReference; fileEncoding = 4; lastKnownFileType = sourcecode.swift; path = MenuTranslator.swift; sourceTree = "<group>"; };
		99D9B78D20CFE23000992A98 /* PhotoEditModel.swift */ = {isa = PBXFileReference; fileEncoding = 4; lastKnownFileType = sourcecode.swift; path = PhotoEditModel.swift; sourceTree = "<group>"; };
		99D9B78E20CFE23000992A98 /* MenuModel.swift */ = {isa = PBXFileReference; fileEncoding = 4; lastKnownFileType = sourcecode.swift; path = MenuModel.swift; sourceTree = "<group>"; };
		99D9B79020CFE23000992A98 /* PhotoEditUseCase.swift */ = {isa = PBXFileReference; fileEncoding = 4; lastKnownFileType = sourcecode.swift; path = PhotoEditUseCase.swift; sourceTree = "<group>"; };
		99D9B79120CFE23000992A98 /* MenuUseCase.swift */ = {isa = PBXFileReference; fileEncoding = 4; lastKnownFileType = sourcecode.swift; path = MenuUseCase.swift; sourceTree = "<group>"; };
		99D9B79520CFE23000992A98 /* PhotoEditView.swift */ = {isa = PBXFileReference; fileEncoding = 4; lastKnownFileType = sourcecode.swift; path = PhotoEditView.swift; sourceTree = "<group>"; };
		99D9B79620CFE23000992A98 /* MenuView.swift */ = {isa = PBXFileReference; fileEncoding = 4; lastKnownFileType = sourcecode.swift; path = MenuView.swift; sourceTree = "<group>"; };
		99D9B79820CFE23000992A98 /* PhotoEditViewController.swift */ = {isa = PBXFileReference; fileEncoding = 4; lastKnownFileType = sourcecode.swift; path = PhotoEditViewController.swift; sourceTree = "<group>"; };
		99D9B79920CFE23000992A98 /* MenuViewController.swift */ = {isa = PBXFileReference; fileEncoding = 4; lastKnownFileType = sourcecode.swift; path = MenuViewController.swift; sourceTree = "<group>"; };
		99D9B79B20CFE23000992A98 /* MenuPresenter.swift */ = {isa = PBXFileReference; fileEncoding = 4; lastKnownFileType = sourcecode.swift; path = MenuPresenter.swift; sourceTree = "<group>"; };
		99D9B79C20CFE23000992A98 /* PhotoEditPresenter.swift */ = {isa = PBXFileReference; fileEncoding = 4; lastKnownFileType = sourcecode.swift; path = PhotoEditPresenter.swift; sourceTree = "<group>"; };
		99DBE7B420D48EA30031EEF0 /* SliderView.swift */ = {isa = PBXFileReference; lastKnownFileType = sourcecode.swift; path = SliderView.swift; sourceTree = "<group>"; };
		99F3E5B520CFE9ED00DB24BC /* UIViewController+.swift */ = {isa = PBXFileReference; lastKnownFileType = sourcecode.swift; path = "UIViewController+.swift"; sourceTree = "<group>"; };
		E1C30D6C9E54A046FDBC9650 /* Pods-iOSCameraSampleUITests.debug.xcconfig */ = {isa = PBXFileReference; includeInIndex = 1; lastKnownFileType = text.xcconfig; name = "Pods-iOSCameraSampleUITests.debug.xcconfig"; path = "Pods/Target Support Files/Pods-iOSCameraSampleUITests/Pods-iOSCameraSampleUITests.debug.xcconfig"; sourceTree = "<group>"; };
		E56D8E486DA0B9414A2A57A5 /* Pods-iOSCameraSampleTests.release.xcconfig */ = {isa = PBXFileReference; includeInIndex = 1; lastKnownFileType = text.xcconfig; name = "Pods-iOSCameraSampleTests.release.xcconfig"; path = "Pods/Target Support Files/Pods-iOSCameraSampleTests/Pods-iOSCameraSampleTests.release.xcconfig"; sourceTree = "<group>"; };
		E9D9B2F443E91D6D9D0E2C7B /* Pods-iOSCameraSample.debug.xcconfig */ = {isa = PBXFileReference; includeInIndex = 1; lastKnownFileType = text.xcconfig; name = "Pods-iOSCameraSample.debug.xcconfig"; path = "Pods/Target Support Files/Pods-iOSCameraSample/Pods-iOSCameraSample.debug.xcconfig"; sourceTree = "<group>"; };
		EC191528F640B21ADCA30BEF /* Pods-iOSCameraSampleTests.debug.xcconfig */ = {isa = PBXFileReference; includeInIndex = 1; lastKnownFileType = text.xcconfig; name = "Pods-iOSCameraSampleTests.debug.xcconfig"; path = "Pods/Target Support Files/Pods-iOSCameraSampleTests/Pods-iOSCameraSampleTests.debug.xcconfig"; sourceTree = "<group>"; };
/* End PBXFileReference section */

/* Begin PBXFrameworksBuildPhase section */
		99D9B6E820CE867200992A98 /* Frameworks */ = {
			isa = PBXFrameworksBuildPhase;
			buildActionMask = 2147483647;
			files = (
				2BFFC272CD6B0891FF571020 /* Pods_iOSCameraSample.framework in Frameworks */,
			);
			runOnlyForDeploymentPostprocessing = 0;
		};
		99D9B6FC20CE867500992A98 /* Frameworks */ = {
			isa = PBXFrameworksBuildPhase;
			buildActionMask = 2147483647;
			files = (
				C5721E4FE7DE7F0F8AAAE7D6 /* Pods_iOSCameraSampleTests.framework in Frameworks */,
			);
			runOnlyForDeploymentPostprocessing = 0;
		};
		99D9B70720CE867500992A98 /* Frameworks */ = {
			isa = PBXFrameworksBuildPhase;
			buildActionMask = 2147483647;
			files = (
				3D25912140128D0166321FBF /* Pods_iOSCameraSampleUITests.framework in Frameworks */,
			);
			runOnlyForDeploymentPostprocessing = 0;
		};
/* End PBXFrameworksBuildPhase section */

/* Begin PBXGroup section */
		788AAA2B5E19EDBB3A69197A /* Pods */ = {
			isa = PBXGroup;
			children = (
				E9D9B2F443E91D6D9D0E2C7B /* Pods-iOSCameraSample.debug.xcconfig */,
				46F4CCFFC8BB1629D91415A6 /* Pods-iOSCameraSample.release.xcconfig */,
				EC191528F640B21ADCA30BEF /* Pods-iOSCameraSampleTests.debug.xcconfig */,
				E56D8E486DA0B9414A2A57A5 /* Pods-iOSCameraSampleTests.release.xcconfig */,
				E1C30D6C9E54A046FDBC9650 /* Pods-iOSCameraSampleUITests.debug.xcconfig */,
				12D41C2B5CD0E902C8AEAFDE /* Pods-iOSCameraSampleUITests.release.xcconfig */,
			);
			name = Pods;
			sourceTree = "<group>";
		};
		995D051720D54D34003DBE06 /* MBProgressHUD */ = {
			isa = PBXGroup;
			children = (
				995D051520D54CF3003DBE06 /* UIViewMBProgressHUD.swift */,
			);
			path = MBProgressHUD;
			sourceTree = "<group>";
		};
		995D051820D55639003DBE06 /* icons */ = {
			isa = PBXGroup;
			children = (
				995D051920D55639003DBE06 /* contrast.png */,
				995D051A20D55639003DBE06 /* stamp.png */,
				995D051B20D55639003DBE06 /* text.png */,
			);
			path = icons;
			sourceTree = "<group>";
		};
		996B5B2E20D06B1900A8B925 /* src */ = {
			isa = PBXGroup;
			children = (
				996B5B2F20D06B2200A8B925 /* pic */,
			);
			path = src;
			sourceTree = "<group>";
		};
		996B5B2F20D06B2200A8B925 /* pic */ = {
			isa = PBXGroup;
			children = (
				995D051820D55639003DBE06 /* icons */,
				996B5B5920D279CD00A8B925 /* stub */,
			);
			path = pic;
			sourceTree = "<group>";
		};
		996B5B3220D0901200A8B925 /* Assets */ = {
			isa = PBXGroup;
			children = (
				996B5B3320D0902C00A8B925 /* Assets.swift */,
				996B5B4C20D2183B00A8B925 /* UIAssets.swift */,
			);
			path = Assets;
			sourceTree = "<group>";
		};
		996B5B5820D21D2800A8B925 /* UIKit */ = {
			isa = PBXGroup;
			children = (
				996B5B2C20CFF12B00A8B925 /* ScreenSize.swift */,
				99F3E5B520CFE9ED00DB24BC /* UIViewController+.swift */,
				996B5B3920D1BAF500A8B925 /* UIBarButtonItem+.swift */,
				996B5B4A20D217B600A8B925 /* UIImage+.swift */,
				9936201D20D2A98300AAA9AD /* UIView+.swift */,
				9936202320D3E90600AAA9AD /* UIImageView+.swift */,
				995D050E20D4DE42003DBE06 /* CIImage+.swift */,
			);
			path = UIKit;
			sourceTree = "<group>";
		};
		996B5B5920D279CD00A8B925 /* stub */ = {
			isa = PBXGroup;
			children = (
				996B5B3020D06B5700A8B925 /* IMG_1000.JPG */,
			);
			path = stub;
			sourceTree = "<group>";
		};
		99D9B6E220CE867200992A98 = {
			isa = PBXGroup;
			children = (
				99D9B6ED20CE867200992A98 /* iOSCameraSample */,
				99D9B70220CE867500992A98 /* iOSCameraSampleTests */,
				99D9B70D20CE867500992A98 /* iOSCameraSampleUITests */,
				99D9B6EC20CE867200992A98 /* Products */,
				788AAA2B5E19EDBB3A69197A /* Pods */,
				F8EB1AA0663FFCCBD82B210A /* Frameworks */,
			);
			sourceTree = "<group>";
		};
		99D9B6EC20CE867200992A98 /* Products */ = {
			isa = PBXGroup;
			children = (
				99D9B6EB20CE867200992A98 /* iOSCameraSample.app */,
				99D9B6FF20CE867500992A98 /* iOSCameraSampleTests.xctest */,
				99D9B70A20CE867500992A98 /* iOSCameraSampleUITests.xctest */,
			);
			name = Products;
			sourceTree = "<group>";
		};
		99D9B6ED20CE867200992A98 /* iOSCameraSample */ = {
			isa = PBXGroup;
			children = (
				996B5B2E20D06B1900A8B925 /* src */,
				99D9B76D20CFE23000992A98 /* App */,
				99D9B6EE20CE867200992A98 /* AppDelegate.swift */,
				99D9B6F020CE867200992A98 /* ViewController.swift */,
				99D9B6F220CE867200992A98 /* Main.storyboard */,
				99D9B6F520CE867500992A98 /* Assets.xcassets */,
				99D9B6F720CE867500992A98 /* LaunchScreen.storyboard */,
				99D9B6FA20CE867500992A98 /* Info.plist */,
			);
			path = iOSCameraSample;
			sourceTree = "<group>";
		};
		99D9B70220CE867500992A98 /* iOSCameraSampleTests */ = {
			isa = PBXGroup;
			children = (
				99D9B70320CE867500992A98 /* iOSCameraSampleTests.swift */,
				99D9B70520CE867500992A98 /* Info.plist */,
			);
			path = iOSCameraSampleTests;
			sourceTree = "<group>";
		};
		99D9B70D20CE867500992A98 /* iOSCameraSampleUITests */ = {
			isa = PBXGroup;
			children = (
				99D9B70E20CE867500992A98 /* iOSCameraSampleUITests.swift */,
				99D9B71020CE867500992A98 /* Info.plist */,
			);
			path = iOSCameraSampleUITests;
			sourceTree = "<group>";
		};
		99D9B76D20CFE23000992A98 /* App */ = {
			isa = PBXGroup;
			children = (
				99D9B76E20CFE23000992A98 /* Application */,
				99D9B77E20CFE23000992A98 /* Data */,
				99D9B78820CFE23000992A98 /* Domain */,
				99D9B79220CFE23000992A98 /* Presentation */,
			);
			path = App;
			sourceTree = "<group>";
		};
		99D9B76E20CFE23000992A98 /* Application */ = {
			isa = PBXGroup;
			children = (
				996B5B3220D0901200A8B925 /* Assets */,
				99D9B76F20CFE23000992A98 /* Wireframe */,
				99D9B77220CFE23000992A98 /* Extensions */,
				99D9B77820CFE23000992A98 /* Builder */,
				99D9B77B20CFE23000992A98 /* Error */,
			);
			path = Application;
			sourceTree = "<group>";
		};
		99D9B76F20CFE23000992A98 /* Wireframe */ = {
			isa = PBXGroup;
			children = (
				99D9B77020CFE23000992A98 /* PhotoEditWireframe.swift */,
				99D9B77120CFE23000992A98 /* MenuWireframe.swift */,
			);
			path = Wireframe;
			sourceTree = "<group>";
		};
		99D9B77220CFE23000992A98 /* Extensions */ = {
			isa = PBXGroup;
			children = (
				995D051720D54D34003DBE06 /* MBProgressHUD */,
				996B5B5820D21D2800A8B925 /* UIKit */,
				99D9B77320CFE23000992A98 /* RxSwift */,
			);
			path = Extensions;
			sourceTree = "<group>";
		};
		99D9B77320CFE23000992A98 /* RxSwift */ = {
			isa = PBXGroup;
			children = (
				99D9B77420CFE23000992A98 /* RxSwift+.swift */,
				99D9B77520CFE23000992A98 /* UIImagePickerController+Rx.swift */,
				99D9B77620CFE23000992A98 /* RxImagePickerDelegateProxy.swift */,
				99D9B77720CFE23000992A98 /* UIImagePickerController+RxCreate.swift */,
			);
			path = RxSwift;
			sourceTree = "<group>";
		};
		99D9B77820CFE23000992A98 /* Builder */ = {
			isa = PBXGroup;
			children = (
				99D9B77920CFE23000992A98 /* MenuBuilder.swift */,
				99D9B77A20CFE23000992A98 /* PhotoEditBuilder.swift */,
			);
			path = Builder;
			sourceTree = "<group>";
		};
		99D9B77B20CFE23000992A98 /* Error */ = {
			isa = PBXGroup;
			children = (
				99D9B77C20CFE23000992A98 /* Error.swift */,
				99D9B77D20CFE23000992A98 /* ErrorHandring.swift */,
			);
			path = Error;
			sourceTree = "<group>";
		};
		99D9B77E20CFE23000992A98 /* Data */ = {
			isa = PBXGroup;
			children = (
				99D9B77F20CFE23000992A98 /* Repository */,
				99D9B78220CFE23000992A98 /* Entity */,
				99D9B78520CFE23000992A98 /* DataStore */,
			);
			path = Data;
			sourceTree = "<group>";
		};
		99D9B77F20CFE23000992A98 /* Repository */ = {
			isa = PBXGroup;
			children = (
				99D9B78020CFE23000992A98 /* PhotoEditRepository.swift */,
				99D9B78120CFE23000992A98 /* MenuRepository.swift */,
			);
			path = Repository;
			sourceTree = "<group>";
		};
		99D9B78220CFE23000992A98 /* Entity */ = {
			isa = PBXGroup;
			children = (
				99D9B78320CFE23000992A98 /* PhotoEditEntity.swift */,
				99D9B78420CFE23000992A98 /* MenuEntity.swift */,
			);
			path = Entity;
			sourceTree = "<group>";
		};
		99D9B78520CFE23000992A98 /* DataStore */ = {
			isa = PBXGroup;
			children = (
				99D9B78620CFE23000992A98 /* MenuDataStore.swift */,
				99D9B78720CFE23000992A98 /* PhotoEditDataStore.swift */,
			);
			path = DataStore;
			sourceTree = "<group>";
		};
		99D9B78820CFE23000992A98 /* Domain */ = {
			isa = PBXGroup;
			children = (
				99D9B78920CFE23000992A98 /* Translator */,
				99D9B78C20CFE23000992A98 /* Model */,
				99D9B78F20CFE23000992A98 /* UseCase */,
			);
			path = Domain;
			sourceTree = "<group>";
		};
		99D9B78920CFE23000992A98 /* Translator */ = {
			isa = PBXGroup;
			children = (
				99D9B78A20CFE23000992A98 /* PhotoEditTranslator.swift */,
				99D9B78B20CFE23000992A98 /* MenuTranslator.swift */,
			);
			path = Translator;
			sourceTree = "<group>";
		};
		99D9B78C20CFE23000992A98 /* Model */ = {
			isa = PBXGroup;
			children = (
				99D9B78D20CFE23000992A98 /* PhotoEditModel.swift */,
				99D9B78E20CFE23000992A98 /* MenuModel.swift */,
			);
			path = Model;
			sourceTree = "<group>";
		};
		99D9B78F20CFE23000992A98 /* UseCase */ = {
			isa = PBXGroup;
			children = (
				99D9B79020CFE23000992A98 /* PhotoEditUseCase.swift */,
				99D9B79120CFE23000992A98 /* MenuUseCase.swift */,
			);
			path = UseCase;
			sourceTree = "<group>";
		};
		99D9B79220CFE23000992A98 /* Presentation */ = {
			isa = PBXGroup;
			children = (
				99D9B79A20CFE23000992A98 /* Presenter */,
				99D9B79320CFE23000992A98 /* UI */,
			);
			path = Presentation;
			sourceTree = "<group>";
		};
		99D9B79320CFE23000992A98 /* UI */ = {
			isa = PBXGroup;
			children = (
				99D9B79420CFE23000992A98 /* View */,
				99D9B79720CFE23000992A98 /* ViewController */,
			);
			path = UI;
			sourceTree = "<group>";
		};
		99D9B79420CFE23000992A98 /* View */ = {
			isa = PBXGroup;
			children = (
				99D9B79520CFE23000992A98 /* PhotoEditView.swift */,
				99D9B79620CFE23000992A98 /* MenuView.swift */,
				9936201B20D2A84600AAA9AD /* TextImageView.swift */,
				9936201F20D2AF7D00AAA9AD /* EditTextView.swift */,
				99DBE7B420D48EA30031EEF0 /* SliderView.swift */,
			);
			path = View;
			sourceTree = "<group>";
		};
		99D9B79720CFE23000992A98 /* ViewController */ = {
			isa = PBXGroup;
			children = (
				9936201920D2A7AC00AAA9AD /* EditTextViewController.swift */,
				99D9B79820CFE23000992A98 /* PhotoEditViewController.swift */,
				99D9B79920CFE23000992A98 /* MenuViewController.swift */,
			);
			path = ViewController;
			sourceTree = "<group>";
		};
		99D9B79A20CFE23000992A98 /* Presenter */ = {
			isa = PBXGroup;
			children = (
				99D9B79C20CFE23000992A98 /* PhotoEditPresenter.swift */,
				99D9B79B20CFE23000992A98 /* MenuPresenter.swift */,
			);
			path = Presenter;
			sourceTree = "<group>";
		};
		F8EB1AA0663FFCCBD82B210A /* Frameworks */ = {
			isa = PBXGroup;
			children = (
				3BE9A5AA2363C6F8B7B2BC2C /* Pods_iOSCameraSample.framework */,
				319BF9CB889CEC06B3E13396 /* Pods_iOSCameraSampleTests.framework */,
				747394633570B4EC10FC72AC /* Pods_iOSCameraSampleUITests.framework */,
			);
			name = Frameworks;
			sourceTree = "<group>";
		};
/* End PBXGroup section */

/* Begin PBXNativeTarget section */
		99D9B6EA20CE867200992A98 /* iOSCameraSample */ = {
			isa = PBXNativeTarget;
			buildConfigurationList = 99D9B71320CE867500992A98 /* Build configuration list for PBXNativeTarget "iOSCameraSample" */;
			buildPhases = (
				59F639ACD2420866793DB06E /* [CP] Check Pods Manifest.lock */,
				99D9B6E720CE867200992A98 /* Sources */,
				99D9B6E820CE867200992A98 /* Frameworks */,
				99D9B6E920CE867200992A98 /* Resources */,
				1D8580FC80C4367710223F4B /* [CP] Embed Pods Frameworks */,
			);
			buildRules = (
			);
			dependencies = (
			);
			name = iOSCameraSample;
			productName = iOSCameraSample;
			productReference = 99D9B6EB20CE867200992A98 /* iOSCameraSample.app */;
			productType = "com.apple.product-type.application";
		};
		99D9B6FE20CE867500992A98 /* iOSCameraSampleTests */ = {
			isa = PBXNativeTarget;
			buildConfigurationList = 99D9B71620CE867500992A98 /* Build configuration list for PBXNativeTarget "iOSCameraSampleTests" */;
			buildPhases = (
				222ACF31BBD98256E0E4C85B /* [CP] Check Pods Manifest.lock */,
				99D9B6FB20CE867500992A98 /* Sources */,
				99D9B6FC20CE867500992A98 /* Frameworks */,
				99D9B6FD20CE867500992A98 /* Resources */,
				B9610A4133B13942EABD265E /* [CP] Embed Pods Frameworks */,
			);
			buildRules = (
			);
			dependencies = (
				99D9B70120CE867500992A98 /* PBXTargetDependency */,
			);
			name = iOSCameraSampleTests;
			productName = iOSCameraSampleTests;
			productReference = 99D9B6FF20CE867500992A98 /* iOSCameraSampleTests.xctest */;
			productType = "com.apple.product-type.bundle.unit-test";
		};
		99D9B70920CE867500992A98 /* iOSCameraSampleUITests */ = {
			isa = PBXNativeTarget;
			buildConfigurationList = 99D9B71920CE867500992A98 /* Build configuration list for PBXNativeTarget "iOSCameraSampleUITests" */;
			buildPhases = (
				5A1DF2F69E5C1CFD08B60779 /* [CP] Check Pods Manifest.lock */,
				99D9B70620CE867500992A98 /* Sources */,
				99D9B70720CE867500992A98 /* Frameworks */,
				99D9B70820CE867500992A98 /* Resources */,
				E5D51D37C849C76BC53D61A7 /* [CP] Embed Pods Frameworks */,
			);
			buildRules = (
			);
			dependencies = (
				99D9B70C20CE867500992A98 /* PBXTargetDependency */,
			);
			name = iOSCameraSampleUITests;
			productName = iOSCameraSampleUITests;
			productReference = 99D9B70A20CE867500992A98 /* iOSCameraSampleUITests.xctest */;
			productType = "com.apple.product-type.bundle.ui-testing";
		};
/* End PBXNativeTarget section */

/* Begin PBXProject section */
		99D9B6E320CE867200992A98 /* Project object */ = {
			isa = PBXProject;
			attributes = {
				LastSwiftUpdateCheck = 0930;
				LastUpgradeCheck = 0930;
				ORGANIZATIONNAME = "Yuto Mizutani";
				TargetAttributes = {
					99D9B6EA20CE867200992A98 = {
						CreatedOnToolsVersion = 9.3;
					};
					99D9B6FE20CE867500992A98 = {
						CreatedOnToolsVersion = 9.3;
						TestTargetID = 99D9B6EA20CE867200992A98;
					};
					99D9B70920CE867500992A98 = {
						CreatedOnToolsVersion = 9.3;
						TestTargetID = 99D9B6EA20CE867200992A98;
					};
				};
			};
			buildConfigurationList = 99D9B6E620CE867200992A98 /* Build configuration list for PBXProject "iOSCameraSample" */;
			compatibilityVersion = "Xcode 9.3";
			developmentRegion = en;
			hasScannedForEncodings = 0;
			knownRegions = (
				en,
				Base,
			);
			mainGroup = 99D9B6E220CE867200992A98;
			productRefGroup = 99D9B6EC20CE867200992A98 /* Products */;
			projectDirPath = "";
			projectRoot = "";
			targets = (
				99D9B6EA20CE867200992A98 /* iOSCameraSample */,
				99D9B6FE20CE867500992A98 /* iOSCameraSampleTests */,
				99D9B70920CE867500992A98 /* iOSCameraSampleUITests */,
			);
		};
/* End PBXProject section */

/* Begin PBXResourcesBuildPhase section */
		99D9B6E920CE867200992A98 /* Resources */ = {
			isa = PBXResourcesBuildPhase;
			buildActionMask = 2147483647;
			files = (
				995D051C20D55639003DBE06 /* contrast.png in Resources */,
				995D051D20D55639003DBE06 /* stamp.png in Resources */,
				996B5B3120D06B5700A8B925 /* IMG_1000.JPG in Resources */,
				99D9B6F920CE867500992A98 /* LaunchScreen.storyboard in Resources */,
				995D051E20D55639003DBE06 /* text.png in Resources */,
				99D9B6F620CE867500992A98 /* Assets.xcassets in Resources */,
				99D9B6F420CE867200992A98 /* Main.storyboard in Resources */,
			);
			runOnlyForDeploymentPostprocessing = 0;
		};
		99D9B6FD20CE867500992A98 /* Resources */ = {
			isa = PBXResourcesBuildPhase;
			buildActionMask = 2147483647;
			files = (
			);
			runOnlyForDeploymentPostprocessing = 0;
		};
		99D9B70820CE867500992A98 /* Resources */ = {
			isa = PBXResourcesBuildPhase;
			buildActionMask = 2147483647;
			files = (
			);
			runOnlyForDeploymentPostprocessing = 0;
		};
/* End PBXResourcesBuildPhase section */

/* Begin PBXShellScriptBuildPhase section */
		1D8580FC80C4367710223F4B /* [CP] Embed Pods Frameworks */ = {
			isa = PBXShellScriptBuildPhase;
			buildActionMask = 2147483647;
			files = (
			);
			inputPaths = (
				"${SRCROOT}/Pods/Target Support Files/Pods-iOSCameraSample/Pods-iOSCameraSample-frameworks.sh",
				"${BUILT_PRODUCTS_DIR}/MBProgressHUD/MBProgressHUD.framework",
				"${BUILT_PRODUCTS_DIR}/RxCocoa/RxCocoa.framework",
				"${BUILT_PRODUCTS_DIR}/RxGesture/RxGesture.framework",
				"${BUILT_PRODUCTS_DIR}/RxSwift/RxSwift.framework",
			);
			name = "[CP] Embed Pods Frameworks";
			outputPaths = (
				"${TARGET_BUILD_DIR}/${FRAMEWORKS_FOLDER_PATH}/MBProgressHUD.framework",
				"${TARGET_BUILD_DIR}/${FRAMEWORKS_FOLDER_PATH}/RxCocoa.framework",
				"${TARGET_BUILD_DIR}/${FRAMEWORKS_FOLDER_PATH}/RxGesture.framework",
				"${TARGET_BUILD_DIR}/${FRAMEWORKS_FOLDER_PATH}/RxSwift.framework",
			);
			runOnlyForDeploymentPostprocessing = 0;
			shellPath = /bin/sh;
			shellScript = "\"${SRCROOT}/Pods/Target Support Files/Pods-iOSCameraSample/Pods-iOSCameraSample-frameworks.sh\"\n";
			showEnvVarsInLog = 0;
		};
		222ACF31BBD98256E0E4C85B /* [CP] Check Pods Manifest.lock */ = {
			isa = PBXShellScriptBuildPhase;
			buildActionMask = 2147483647;
			files = (
			);
			inputPaths = (
				"${PODS_PODFILE_DIR_PATH}/Podfile.lock",
				"${PODS_ROOT}/Manifest.lock",
			);
			name = "[CP] Check Pods Manifest.lock";
			outputPaths = (
				"$(DERIVED_FILE_DIR)/Pods-iOSCameraSampleTests-checkManifestLockResult.txt",
			);
			runOnlyForDeploymentPostprocessing = 0;
			shellPath = /bin/sh;
			shellScript = "diff \"${PODS_PODFILE_DIR_PATH}/Podfile.lock\" \"${PODS_ROOT}/Manifest.lock\" > /dev/null\nif [ $? != 0 ] ; then\n    # print error to STDERR\n    echo \"error: The sandbox is not in sync with the Podfile.lock. Run 'pod install' or update your CocoaPods installation.\" >&2\n    exit 1\nfi\n# This output is used by Xcode 'outputs' to avoid re-running this script phase.\necho \"SUCCESS\" > \"${SCRIPT_OUTPUT_FILE_0}\"\n";
			showEnvVarsInLog = 0;
		};
		59F639ACD2420866793DB06E /* [CP] Check Pods Manifest.lock */ = {
			isa = PBXShellScriptBuildPhase;
			buildActionMask = 2147483647;
			files = (
			);
			inputPaths = (
				"${PODS_PODFILE_DIR_PATH}/Podfile.lock",
				"${PODS_ROOT}/Manifest.lock",
			);
			name = "[CP] Check Pods Manifest.lock";
			outputPaths = (
				"$(DERIVED_FILE_DIR)/Pods-iOSCameraSample-checkManifestLockResult.txt",
			);
			runOnlyForDeploymentPostprocessing = 0;
			shellPath = /bin/sh;
			shellScript = "diff \"${PODS_PODFILE_DIR_PATH}/Podfile.lock\" \"${PODS_ROOT}/Manifest.lock\" > /dev/null\nif [ $? != 0 ] ; then\n    # print error to STDERR\n    echo \"error: The sandbox is not in sync with the Podfile.lock. Run 'pod install' or update your CocoaPods installation.\" >&2\n    exit 1\nfi\n# This output is used by Xcode 'outputs' to avoid re-running this script phase.\necho \"SUCCESS\" > \"${SCRIPT_OUTPUT_FILE_0}\"\n";
			showEnvVarsInLog = 0;
		};
		5A1DF2F69E5C1CFD08B60779 /* [CP] Check Pods Manifest.lock */ = {
			isa = PBXShellScriptBuildPhase;
			buildActionMask = 2147483647;
			files = (
			);
			inputPaths = (
				"${PODS_PODFILE_DIR_PATH}/Podfile.lock",
				"${PODS_ROOT}/Manifest.lock",
			);
			name = "[CP] Check Pods Manifest.lock";
			outputPaths = (
				"$(DERIVED_FILE_DIR)/Pods-iOSCameraSampleUITests-checkManifestLockResult.txt",
			);
			runOnlyForDeploymentPostprocessing = 0;
			shellPath = /bin/sh;
			shellScript = "diff \"${PODS_PODFILE_DIR_PATH}/Podfile.lock\" \"${PODS_ROOT}/Manifest.lock\" > /dev/null\nif [ $? != 0 ] ; then\n    # print error to STDERR\n    echo \"error: The sandbox is not in sync with the Podfile.lock. Run 'pod install' or update your CocoaPods installation.\" >&2\n    exit 1\nfi\n# This output is used by Xcode 'outputs' to avoid re-running this script phase.\necho \"SUCCESS\" > \"${SCRIPT_OUTPUT_FILE_0}\"\n";
			showEnvVarsInLog = 0;
		};
		B9610A4133B13942EABD265E /* [CP] Embed Pods Frameworks */ = {
			isa = PBXShellScriptBuildPhase;
			buildActionMask = 2147483647;
			files = (
			);
			inputPaths = (
				"${SRCROOT}/Pods/Target Support Files/Pods-iOSCameraSampleTests/Pods-iOSCameraSampleTests-frameworks.sh",
				"${BUILT_PRODUCTS_DIR}/RxSwift/RxSwift.framework",
			);
			name = "[CP] Embed Pods Frameworks";
			outputPaths = (
				"${TARGET_BUILD_DIR}/${FRAMEWORKS_FOLDER_PATH}/RxSwift.framework",
			);
			runOnlyForDeploymentPostprocessing = 0;
			shellPath = /bin/sh;
			shellScript = "\"${SRCROOT}/Pods/Target Support Files/Pods-iOSCameraSampleTests/Pods-iOSCameraSampleTests-frameworks.sh\"\n";
			showEnvVarsInLog = 0;
		};
		E5D51D37C849C76BC53D61A7 /* [CP] Embed Pods Frameworks */ = {
			isa = PBXShellScriptBuildPhase;
			buildActionMask = 2147483647;
			files = (
			);
			inputPaths = (
				"${SRCROOT}/Pods/Target Support Files/Pods-iOSCameraSampleUITests/Pods-iOSCameraSampleUITests-frameworks.sh",
				"${BUILT_PRODUCTS_DIR}/RxCocoa/RxCocoa.framework",
				"${BUILT_PRODUCTS_DIR}/RxGesture/RxGesture.framework",
				"${BUILT_PRODUCTS_DIR}/RxSwift/RxSwift.framework",
			);
			name = "[CP] Embed Pods Frameworks";
			outputPaths = (
				"${TARGET_BUILD_DIR}/${FRAMEWORKS_FOLDER_PATH}/RxCocoa.framework",
				"${TARGET_BUILD_DIR}/${FRAMEWORKS_FOLDER_PATH}/RxGesture.framework",
				"${TARGET_BUILD_DIR}/${FRAMEWORKS_FOLDER_PATH}/RxSwift.framework",
			);
			runOnlyForDeploymentPostprocessing = 0;
			shellPath = /bin/sh;
			shellScript = "\"${SRCROOT}/Pods/Target Support Files/Pods-iOSCameraSampleUITests/Pods-iOSCameraSampleUITests-frameworks.sh\"\n";
			showEnvVarsInLog = 0;
		};
/* End PBXShellScriptBuildPhase section */

/* Begin PBXSourcesBuildPhase section */
		99D9B6E720CE867200992A98 /* Sources */ = {
			isa = PBXSourcesBuildPhase;
			buildActionMask = 2147483647;
			files = (
				99D9B7A420CFE23100992A98 /* PhotoEditBuilder.swift in Sources */,
				99D9B7AC20CFE23100992A98 /* PhotoEditDataStore.swift in Sources */,
				99D9B7AB20CFE23100992A98 /* MenuDataStore.swift in Sources */,
				9936201C20D2A84600AAA9AD /* TextImageView.swift in Sources */,
				99D9B7A220CFE23100992A98 /* UIImagePickerController+RxCreate.swift in Sources */,
				99D9B7AF20CFE23100992A98 /* PhotoEditModel.swift in Sources */,
				99D9B6F120CE867200992A98 /* ViewController.swift in Sources */,
				996B5B2D20CFF12B00A8B925 /* ScreenSize.swift in Sources */,
				99D9B7A120CFE23100992A98 /* RxImagePickerDelegateProxy.swift in Sources */,
				995D051620D54CF3003DBE06 /* UIViewMBProgressHUD.swift in Sources */,
				99D9B7A620CFE23100992A98 /* ErrorHandring.swift in Sources */,
				99D9B7A520CFE23100992A98 /* Error.swift in Sources */,
				996B5B4D20D2183B00A8B925 /* UIAssets.swift in Sources */,
				99D9B79D20CFE23100992A98 /* PhotoEditWireframe.swift in Sources */,
				99D9B7B820CFE23100992A98 /* PhotoEditPresenter.swift in Sources */,
				99D9B7AD20CFE23100992A98 /* PhotoEditTranslator.swift in Sources */,
				99D9B7A720CFE23100992A98 /* PhotoEditRepository.swift in Sources */,
				99D9B7B320CFE23100992A98 /* PhotoEditView.swift in Sources */,
				99D9B7B520CFE23100992A98 /* PhotoEditViewController.swift in Sources */,
				99D9B7A320CFE23100992A98 /* MenuBuilder.swift in Sources */,
				995D050F20D4DE42003DBE06 /* CIImage+.swift in Sources */,
				9936202020D2AF7D00AAA9AD /* EditTextView.swift in Sources */,
				9936201A20D2A7AC00AAA9AD /* EditTextViewController.swift in Sources */,
				99D9B7A020CFE23100992A98 /* UIImagePickerController+Rx.swift in Sources */,
				99D9B7B120CFE23100992A98 /* PhotoEditUseCase.swift in Sources */,
				99D9B6EF20CE867200992A98 /* AppDelegate.swift in Sources */,
				99D9B7B720CFE23100992A98 /* MenuPresenter.swift in Sources */,
				99D9B7B620CFE23100992A98 /* MenuViewController.swift in Sources */,
				9936202420D3E90600AAA9AD /* UIImageView+.swift in Sources */,
				99DBE7B520D48EA30031EEF0 /* SliderView.swift in Sources */,
				996B5B4B20D217B600A8B925 /* UIImage+.swift in Sources */,
				99D9B79E20CFE23100992A98 /* MenuWireframe.swift in Sources */,
				996B5B3420D0902C00A8B925 /* Assets.swift in Sources */,
				99D9B7AE20CFE23100992A98 /* MenuTranslator.swift in Sources */,
				99D9B79F20CFE23100992A98 /* RxSwift+.swift in Sources */,
				99D9B7A820CFE23100992A98 /* MenuRepository.swift in Sources */,
				99D9B7AA20CFE23100992A98 /* MenuEntity.swift in Sources */,
				996B5B3A20D1BAF500A8B925 /* UIBarButtonItem+.swift in Sources */,
				99D9B7B220CFE23100992A98 /* MenuUseCase.swift in Sources */,
				99D9B7B420CFE23100992A98 /* MenuView.swift in Sources */,
				99F3E5B620CFE9ED00DB24BC /* UIViewController+.swift in Sources */,
				9936201E20D2A98300AAA9AD /* UIView+.swift in Sources */,
				99D9B7B020CFE23100992A98 /* MenuModel.swift in Sources */,
				99D9B7A920CFE23100992A98 /* PhotoEditEntity.swift in Sources */,
			);
			runOnlyForDeploymentPostprocessing = 0;
		};
		99D9B6FB20CE867500992A98 /* Sources */ = {
			isa = PBXSourcesBuildPhase;
			buildActionMask = 2147483647;
			files = (
				99D9B70420CE867500992A98 /* iOSCameraSampleTests.swift in Sources */,
			);
			runOnlyForDeploymentPostprocessing = 0;
		};
		99D9B70620CE867500992A98 /* Sources */ = {
			isa = PBXSourcesBuildPhase;
			buildActionMask = 2147483647;
			files = (
				99D9B70F20CE867500992A98 /* iOSCameraSampleUITests.swift in Sources */,
			);
			runOnlyForDeploymentPostprocessing = 0;
		};
/* End PBXSourcesBuildPhase section */

/* Begin PBXTargetDependency section */
		99D9B70120CE867500992A98 /* PBXTargetDependency */ = {
			isa = PBXTargetDependency;
			target = 99D9B6EA20CE867200992A98 /* iOSCameraSample */;
			targetProxy = 99D9B70020CE867500992A98 /* PBXContainerItemProxy */;
		};
		99D9B70C20CE867500992A98 /* PBXTargetDependency */ = {
			isa = PBXTargetDependency;
			target = 99D9B6EA20CE867200992A98 /* iOSCameraSample */;
			targetProxy = 99D9B70B20CE867500992A98 /* PBXContainerItemProxy */;
		};
/* End PBXTargetDependency section */

/* Begin PBXVariantGroup section */
		99D9B6F220CE867200992A98 /* Main.storyboard */ = {
			isa = PBXVariantGroup;
			children = (
				99D9B6F320CE867200992A98 /* Base */,
			);
			name = Main.storyboard;
			sourceTree = "<group>";
		};
		99D9B6F720CE867500992A98 /* LaunchScreen.storyboard */ = {
			isa = PBXVariantGroup;
			children = (
				99D9B6F820CE867500992A98 /* Base */,
			);
			name = LaunchScreen.storyboard;
			sourceTree = "<group>";
		};
/* End PBXVariantGroup section */

/* Begin XCBuildConfiguration section */
		99D9B71120CE867500992A98 /* Debug */ = {
			isa = XCBuildConfiguration;
			buildSettings = {
				ALWAYS_SEARCH_USER_PATHS = NO;
				CLANG_ANALYZER_NONNULL = YES;
				CLANG_ANALYZER_NUMBER_OBJECT_CONVERSION = YES_AGGRESSIVE;
				CLANG_CXX_LANGUAGE_STANDARD = "gnu++14";
				CLANG_CXX_LIBRARY = "libc++";
				CLANG_ENABLE_MODULES = YES;
				CLANG_ENABLE_OBJC_ARC = YES;
				CLANG_ENABLE_OBJC_WEAK = YES;
				CLANG_WARN_BLOCK_CAPTURE_AUTORELEASING = YES;
				CLANG_WARN_BOOL_CONVERSION = YES;
				CLANG_WARN_COMMA = YES;
				CLANG_WARN_CONSTANT_CONVERSION = YES;
				CLANG_WARN_DEPRECATED_OBJC_IMPLEMENTATIONS = YES;
				CLANG_WARN_DIRECT_OBJC_ISA_USAGE = YES_ERROR;
				CLANG_WARN_DOCUMENTATION_COMMENTS = YES;
				CLANG_WARN_EMPTY_BODY = YES;
				CLANG_WARN_ENUM_CONVERSION = YES;
				CLANG_WARN_INFINITE_RECURSION = YES;
				CLANG_WARN_INT_CONVERSION = YES;
				CLANG_WARN_NON_LITERAL_NULL_CONVERSION = YES;
				CLANG_WARN_OBJC_IMPLICIT_RETAIN_SELF = YES;
				CLANG_WARN_OBJC_LITERAL_CONVERSION = YES;
				CLANG_WARN_OBJC_ROOT_CLASS = YES_ERROR;
				CLANG_WARN_RANGE_LOOP_ANALYSIS = YES;
				CLANG_WARN_STRICT_PROTOTYPES = YES;
				CLANG_WARN_SUSPICIOUS_MOVE = YES;
				CLANG_WARN_UNGUARDED_AVAILABILITY = YES_AGGRESSIVE;
				CLANG_WARN_UNREACHABLE_CODE = YES;
				CLANG_WARN__DUPLICATE_METHOD_MATCH = YES;
				CODE_SIGN_IDENTITY = "iPhone Developer";
				COPY_PHASE_STRIP = NO;
				DEBUG_INFORMATION_FORMAT = dwarf;
				ENABLE_STRICT_OBJC_MSGSEND = YES;
				ENABLE_TESTABILITY = YES;
				GCC_C_LANGUAGE_STANDARD = gnu11;
				GCC_DYNAMIC_NO_PIC = NO;
				GCC_NO_COMMON_BLOCKS = YES;
				GCC_OPTIMIZATION_LEVEL = 0;
				GCC_PREPROCESSOR_DEFINITIONS = (
					"DEBUG=1",
					"$(inherited)",
				);
				GCC_WARN_64_TO_32_BIT_CONVERSION = YES;
				GCC_WARN_ABOUT_RETURN_TYPE = YES_ERROR;
				GCC_WARN_UNDECLARED_SELECTOR = YES;
				GCC_WARN_UNINITIALIZED_AUTOS = YES_AGGRESSIVE;
				GCC_WARN_UNUSED_FUNCTION = YES;
				GCC_WARN_UNUSED_VARIABLE = YES;
				IPHONEOS_DEPLOYMENT_TARGET = 11.3;
				MTL_ENABLE_DEBUG_INFO = YES;
				ONLY_ACTIVE_ARCH = YES;
				SDKROOT = iphoneos;
				SWIFT_ACTIVE_COMPILATION_CONDITIONS = DEBUG;
				SWIFT_OPTIMIZATION_LEVEL = "-Onone";
			};
			name = Debug;
		};
		99D9B71220CE867500992A98 /* Release */ = {
			isa = XCBuildConfiguration;
			buildSettings = {
				ALWAYS_SEARCH_USER_PATHS = NO;
				CLANG_ANALYZER_NONNULL = YES;
				CLANG_ANALYZER_NUMBER_OBJECT_CONVERSION = YES_AGGRESSIVE;
				CLANG_CXX_LANGUAGE_STANDARD = "gnu++14";
				CLANG_CXX_LIBRARY = "libc++";
				CLANG_ENABLE_MODULES = YES;
				CLANG_ENABLE_OBJC_ARC = YES;
				CLANG_ENABLE_OBJC_WEAK = YES;
				CLANG_WARN_BLOCK_CAPTURE_AUTORELEASING = YES;
				CLANG_WARN_BOOL_CONVERSION = YES;
				CLANG_WARN_COMMA = YES;
				CLANG_WARN_CONSTANT_CONVERSION = YES;
				CLANG_WARN_DEPRECATED_OBJC_IMPLEMENTATIONS = YES;
				CLANG_WARN_DIRECT_OBJC_ISA_USAGE = YES_ERROR;
				CLANG_WARN_DOCUMENTATION_COMMENTS = YES;
				CLANG_WARN_EMPTY_BODY = YES;
				CLANG_WARN_ENUM_CONVERSION = YES;
				CLANG_WARN_INFINITE_RECURSION = YES;
				CLANG_WARN_INT_CONVERSION = YES;
				CLANG_WARN_NON_LITERAL_NULL_CONVERSION = YES;
				CLANG_WARN_OBJC_IMPLICIT_RETAIN_SELF = YES;
				CLANG_WARN_OBJC_LITERAL_CONVERSION = YES;
				CLANG_WARN_OBJC_ROOT_CLASS = YES_ERROR;
				CLANG_WARN_RANGE_LOOP_ANALYSIS = YES;
				CLANG_WARN_STRICT_PROTOTYPES = YES;
				CLANG_WARN_SUSPICIOUS_MOVE = YES;
				CLANG_WARN_UNGUARDED_AVAILABILITY = YES_AGGRESSIVE;
				CLANG_WARN_UNREACHABLE_CODE = YES;
				CLANG_WARN__DUPLICATE_METHOD_MATCH = YES;
				CODE_SIGN_IDENTITY = "iPhone Developer";
				COPY_PHASE_STRIP = NO;
				DEBUG_INFORMATION_FORMAT = "dwarf-with-dsym";
				ENABLE_NS_ASSERTIONS = NO;
				ENABLE_STRICT_OBJC_MSGSEND = YES;
				GCC_C_LANGUAGE_STANDARD = gnu11;
				GCC_NO_COMMON_BLOCKS = YES;
				GCC_WARN_64_TO_32_BIT_CONVERSION = YES;
				GCC_WARN_ABOUT_RETURN_TYPE = YES_ERROR;
				GCC_WARN_UNDECLARED_SELECTOR = YES;
				GCC_WARN_UNINITIALIZED_AUTOS = YES_AGGRESSIVE;
				GCC_WARN_UNUSED_FUNCTION = YES;
				GCC_WARN_UNUSED_VARIABLE = YES;
				IPHONEOS_DEPLOYMENT_TARGET = 11.3;
				MTL_ENABLE_DEBUG_INFO = NO;
				SDKROOT = iphoneos;
				SWIFT_COMPILATION_MODE = wholemodule;
				SWIFT_OPTIMIZATION_LEVEL = "-O";
				VALIDATE_PRODUCT = YES;
			};
			name = Release;
		};
		99D9B71420CE867500992A98 /* Debug */ = {
			isa = XCBuildConfiguration;
			baseConfigurationReference = E9D9B2F443E91D6D9D0E2C7B /* Pods-iOSCameraSample.debug.xcconfig */;
			buildSettings = {
				ASSETCATALOG_COMPILER_APPICON_NAME = AppIcon;
				CODE_SIGN_STYLE = Automatic;
				DEVELOPMENT_TEAM = Y3FSN97W3M;
				INFOPLIST_FILE = iOSCameraSample/Info.plist;
				LD_RUNPATH_SEARCH_PATHS = (
					"$(inherited)",
					"@executable_path/Frameworks",
				);
				PRODUCT_BUNDLE_IDENTIFIER = com.ym.iOSCameraSample;
				PRODUCT_NAME = "$(TARGET_NAME)";
				SWIFT_VERSION = 4.0;
				TARGETED_DEVICE_FAMILY = "1,2";
			};
			name = Debug;
		};
		99D9B71520CE867500992A98 /* Release */ = {
			isa = XCBuildConfiguration;
			baseConfigurationReference = 46F4CCFFC8BB1629D91415A6 /* Pods-iOSCameraSample.release.xcconfig */;
			buildSettings = {
				ASSETCATALOG_COMPILER_APPICON_NAME = AppIcon;
				CODE_SIGN_STYLE = Automatic;
				DEVELOPMENT_TEAM = Y3FSN97W3M;
				INFOPLIST_FILE = iOSCameraSample/Info.plist;
				LD_RUNPATH_SEARCH_PATHS = (
					"$(inherited)",
					"@executable_path/Frameworks",
				);
				PRODUCT_BUNDLE_IDENTIFIER = com.ym.iOSCameraSample;
				PRODUCT_NAME = "$(TARGET_NAME)";
				SWIFT_VERSION = 4.0;
				TARGETED_DEVICE_FAMILY = "1,2";
			};
			name = Release;
		};
		99D9B71720CE867500992A98 /* Debug */ = {
			isa = XCBuildConfiguration;
			baseConfigurationReference = EC191528F640B21ADCA30BEF /* Pods-iOSCameraSampleTests.debug.xcconfig */;
			buildSettings = {
				ALWAYS_EMBED_SWIFT_STANDARD_LIBRARIES = YES;
				BUNDLE_LOADER = "$(TEST_HOST)";
				CODE_SIGN_STYLE = Automatic;
				DEVELOPMENT_TEAM = Y3FSN97W3M;
				INFOPLIST_FILE = iOSCameraSampleTests/Info.plist;
				LD_RUNPATH_SEARCH_PATHS = (
					"$(inherited)",
					"@executable_path/Frameworks",
					"@loader_path/Frameworks",
				);
				PRODUCT_BUNDLE_IDENTIFIER = com.ym.iOSCameraSampleTests;
				PRODUCT_NAME = "$(TARGET_NAME)";
				SWIFT_VERSION = 4.0;
				TARGETED_DEVICE_FAMILY = "1,2";
				TEST_HOST = "$(BUILT_PRODUCTS_DIR)/iOSCameraSample.app/iOSCameraSample";
			};
			name = Debug;
		};
		99D9B71820CE867500992A98 /* Release */ = {
			isa = XCBuildConfiguration;
			baseConfigurationReference = E56D8E486DA0B9414A2A57A5 /* Pods-iOSCameraSampleTests.release.xcconfig */;
			buildSettings = {
				ALWAYS_EMBED_SWIFT_STANDARD_LIBRARIES = YES;
				BUNDLE_LOADER = "$(TEST_HOST)";
				CODE_SIGN_STYLE = Automatic;
				DEVELOPMENT_TEAM = Y3FSN97W3M;
				INFOPLIST_FILE = iOSCameraSampleTests/Info.plist;
				LD_RUNPATH_SEARCH_PATHS = (
					"$(inherited)",
					"@executable_path/Frameworks",
					"@loader_path/Frameworks",
				);
				PRODUCT_BUNDLE_IDENTIFIER = com.ym.iOSCameraSampleTests;
				PRODUCT_NAME = "$(TARGET_NAME)";
				SWIFT_VERSION = 4.0;
				TARGETED_DEVICE_FAMILY = "1,2";
				TEST_HOST = "$(BUILT_PRODUCTS_DIR)/iOSCameraSample.app/iOSCameraSample";
			};
			name = Release;
		};
		99D9B71A20CE867500992A98 /* Debug */ = {
			isa = XCBuildConfiguration;
			baseConfigurationReference = E1C30D6C9E54A046FDBC9650 /* Pods-iOSCameraSampleUITests.debug.xcconfig */;
			buildSettings = {
				ALWAYS_EMBED_SWIFT_STANDARD_LIBRARIES = YES;
				CODE_SIGN_STYLE = Automatic;
				DEVELOPMENT_TEAM = Y3FSN97W3M;
				INFOPLIST_FILE = iOSCameraSampleUITests/Info.plist;
				LD_RUNPATH_SEARCH_PATHS = (
					"$(inherited)",
					"@executable_path/Frameworks",
					"@loader_path/Frameworks",
				);
				PRODUCT_BUNDLE_IDENTIFIER = com.ym.iOSCameraSampleUITests;
				PRODUCT_NAME = "$(TARGET_NAME)";
				SWIFT_VERSION = 4.0;
				TARGETED_DEVICE_FAMILY = "1,2";
				TEST_TARGET_NAME = iOSCameraSample;
			};
			name = Debug;
		};
		99D9B71B20CE867500992A98 /* Release */ = {
			isa = XCBuildConfiguration;
			baseConfigurationReference = 12D41C2B5CD0E902C8AEAFDE /* Pods-iOSCameraSampleUITests.release.xcconfig */;
			buildSettings = {
				ALWAYS_EMBED_SWIFT_STANDARD_LIBRARIES = YES;
				CODE_SIGN_STYLE = Automatic;
				DEVELOPMENT_TEAM = Y3FSN97W3M;
				INFOPLIST_FILE = iOSCameraSampleUITests/Info.plist;
				LD_RUNPATH_SEARCH_PATHS = (
					"$(inherited)",
					"@executable_path/Frameworks",
					"@loader_path/Frameworks",
				);
				PRODUCT_BUNDLE_IDENTIFIER = com.ym.iOSCameraSampleUITests;
				PRODUCT_NAME = "$(TARGET_NAME)";
				SWIFT_VERSION = 4.0;
				TARGETED_DEVICE_FAMILY = "1,2";
				TEST_TARGET_NAME = iOSCameraSample;
			};
			name = Release;
		};
/* End XCBuildConfiguration section */

/* Begin XCConfigurationList section */
		99D9B6E620CE867200992A98 /* Build configuration list for PBXProject "iOSCameraSample" */ = {
			isa = XCConfigurationList;
			buildConfigurations = (
				99D9B71120CE867500992A98 /* Debug */,
				99D9B71220CE867500992A98 /* Release */,
			);
			defaultConfigurationIsVisible = 0;
			defaultConfigurationName = Release;
		};
		99D9B71320CE867500992A98 /* Build configuration list for PBXNativeTarget "iOSCameraSample" */ = {
			isa = XCConfigurationList;
			buildConfigurations = (
				99D9B71420CE867500992A98 /* Debug */,
				99D9B71520CE867500992A98 /* Release */,
			);
			defaultConfigurationIsVisible = 0;
			defaultConfigurationName = Release;
		};
		99D9B71620CE867500992A98 /* Build configuration list for PBXNativeTarget "iOSCameraSampleTests" */ = {
			isa = XCConfigurationList;
			buildConfigurations = (
				99D9B71720CE867500992A98 /* Debug */,
				99D9B71820CE867500992A98 /* Release */,
			);
			defaultConfigurationIsVisible = 0;
			defaultConfigurationName = Release;
		};
		99D9B71920CE867500992A98 /* Build configuration list for PBXNativeTarget "iOSCameraSampleUITests" */ = {
			isa = XCConfigurationList;
			buildConfigurations = (
				99D9B71A20CE867500992A98 /* Debug */,
				99D9B71B20CE867500992A98 /* Release */,
			);
			defaultConfigurationIsVisible = 0;
			defaultConfigurationName = Release;
		};
/* End XCConfigurationList section */
	};
	rootObject = 99D9B6E320CE867200992A98 /* Project object */;
}
